
Microsoft Visual Studio Solution File, Format Version 12.00
# Visual Studio 2013
VisualStudioVersion = 12.0.40629.0
MinimumVisualStudioVersion = 10.0.40219.1
Project("{FAE04EC0-301F-11D3-BF4B-00C04F79EFBC}") = "Tests", "Tests.csproj", "{3D8840B3-B9A9-40BA-8EE1-10B9A394CCFE}"
EndProject
Project("{2150E333-8FDC-42A3-9474-1A3956D46DE8}") = ".nuget", ".nuget", "{2ABD3658-C7A2-4C31-9B86-09617C7700FE}"
	ProjectSection(SolutionItems) = preProject
		.nuget\packages.config = .nuget\packages.config
	EndProjectSection
EndProject
Global
	GlobalSection(SolutionConfigurationPlatforms) = preSolution
		Debug|Any CPU = Debug|Any CPU
		Release|Any CPU = Release|Any CPU
	EndGlobalSection
	GlobalSection(ProjectConfigurationPlatforms) = postSolution
		{3D8840B3-B9A9-40BA-8EE1-10B9A394CCFE}.Debug|Any CPU.ActiveCfg = Debug|Any CPU
		{3D8840B3-B9A9-40BA-8EE1-10B9A394CCFE}.Debug|Any CPU.Build.0 = Debug|Any CPU
		{3D8840B3-B9A9-40BA-8EE1-10B9A394CCFE}.Release|Any CPU.ActiveCfg = Release|Any CPU
		{3D8840B3-B9A9-40BA-8EE1-10B9A394CCFE}.Release|Any CPU.Build.0 = Release|Any CPU
	EndGlobalSection
	GlobalSection(SolutionProperties) = preSolution
		HideSolutionNode = FALSE
	EndGlobalSection
EndGlobal
